
Microsoft Visual Studio Solution File, Format Version 12.00
# Visual Studio Version 16
VisualStudioVersion = 16.0.810.6
MinimumVisualStudioVersion = 10.0.40219.1
Project("{2150E333-8FDC-42A3-9474-1A3956D46DE8}") = "Solution Items", "Solution Items", "{54B2D712-4FC7-4C11-88F0-C0DE7BD03567}"
EndProject
Project("{9A19103F-16F7-4668-BE54-9A1E7A4F7556}") = "_NEAT", "_NEAT\_NEAT.csproj", "{BB1DFF52-6768-431E-B41C-E238B41F7294}"
EndProject
Project("{FAE04EC0-301F-11D3-BF4B-00C04F79EFBC}") = "_Neuron", "_Neuron\_Neuron.csproj", "{4AD7D260-0DBE-4748-899F-FDE72694EE7E}"
EndProject
Global
	GlobalSection(SolutionConfigurationPlatforms) = preSolution
		Debug|Any CPU = Debug|Any CPU
		Release|Any CPU = Release|Any CPU
	EndGlobalSection
	GlobalSection(ProjectConfigurationPlatforms) = postSolution
		{BB1DFF52-6768-431E-B41C-E238B41F7294}.Debug|Any CPU.ActiveCfg = Debug|Any CPU
		{BB1DFF52-6768-431E-B41C-E238B41F7294}.Debug|Any CPU.Build.0 = Debug|Any CPU
		{BB1DFF52-6768-431E-B41C-E238B41F7294}.Release|Any CPU.ActiveCfg = Release|Any CPU
		{BB1DFF52-6768-431E-B41C-E238B41F7294}.Release|Any CPU.Build.0 = Release|Any CPU
		{4AD7D260-0DBE-4748-899F-FDE72694EE7E}.Debug|Any CPU.ActiveCfg = Debug|Any CPU
		{4AD7D260-0DBE-4748-899F-FDE72694EE7E}.Debug|Any CPU.Build.0 = Debug|Any CPU
		{4AD7D260-0DBE-4748-899F-FDE72694EE7E}.Release|Any CPU.ActiveCfg = Release|Any CPU
		{4AD7D260-0DBE-4748-899F-FDE72694EE7E}.Release|Any CPU.Build.0 = Release|Any CPU
	EndGlobalSection
	GlobalSection(SolutionProperties) = preSolution
		HideSolutionNode = FALSE
	EndGlobalSection
	GlobalSection(ExtensibilityGlobals) = postSolution
		SolutionGuid = {D25E1B6E-8B87-444F-B53C-D7C046305717}
	EndGlobalSection
EndGlobal
